
Microsoft Visual Studio Solution File, Format Version 12.00
# Visual Studio Version 17
VisualStudioVersion = 17.2.32616.157
MinimumVisualStudioVersion = 10.0.40219.1
Project("{FAE04EC0-301F-11D3-BF4B-00C04F79EFBC}") = "Entities", "Entities\Entities.csproj", "{B4E4DEEB-F08C-4A1A-A9A6-93AA977E44AC}"
EndProject
Project("{FAE04EC0-301F-11D3-BF4B-00C04F79EFBC}") = "DataAccess", "DataAccess\DataAccess.csproj", "{ECC9B58E-B910-4BB2-8116-D905472CCEF6}"
EndProject
Project("{FAE04EC0-301F-11D3-BF4B-00C04F79EFBC}") = "Business", "Business\Business.csproj", "{0A8637CA-9532-4F1C-94DD-F364955A2A89}"
EndProject
Project("{FAE04EC0-301F-11D3-BF4B-00C04F79EFBC}") = "Core", "Core\Core.csproj", "{4D20C6B8-20AB-4931-87FC-AC698649AF1B}"
EndProject
Project("{FAE04EC0-301F-11D3-BF4B-00C04F79EFBC}") = "WebAPI", "WebAPI\WebAPI.csproj", "{32E528F7-040C-41CB-A47D-20A19B4356D7}"
EndProject
Global
	GlobalSection(SolutionConfigurationPlatforms) = preSolution
		Debug|Any CPU = Debug|Any CPU
		Release|Any CPU = Release|Any CPU
	EndGlobalSection
	GlobalSection(ProjectConfigurationPlatforms) = postSolution
		{B4E4DEEB-F08C-4A1A-A9A6-93AA977E44AC}.Debug|Any CPU.ActiveCfg = Debug|Any CPU
		{B4E4DEEB-F08C-4A1A-A9A6-93AA977E44AC}.Debug|Any CPU.Build.0 = Debug|Any CPU
		{B4E4DEEB-F08C-4A1A-A9A6-93AA977E44AC}.Release|Any CPU.ActiveCfg = Release|Any CPU
		{B4E4DEEB-F08C-4A1A-A9A6-93AA977E44AC}.Release|Any CPU.Build.0 = Release|Any CPU
		{ECC9B58E-B910-4BB2-8116-D905472CCEF6}.Debug|Any CPU.ActiveCfg = Debug|Any CPU
		{ECC9B58E-B910-4BB2-8116-D905472CCEF6}.Debug|Any CPU.Build.0 = Debug|Any CPU
		{ECC9B58E-B910-4BB2-8116-D905472CCEF6}.Release|Any CPU.ActiveCfg = Release|Any CPU
		{ECC9B58E-B910-4BB2-8116-D905472CCEF6}.Release|Any CPU.Build.0 = Release|Any CPU
		{0A8637CA-9532-4F1C-94DD-F364955A2A89}.Debug|Any CPU.ActiveCfg = Debug|Any CPU
		{0A8637CA-9532-4F1C-94DD-F364955A2A89}.Debug|Any CPU.Build.0 = Debug|Any CPU
		{0A8637CA-9532-4F1C-94DD-F364955A2A89}.Release|Any CPU.ActiveCfg = Release|Any CPU
		{0A8637CA-9532-4F1C-94DD-F364955A2A89}.Release|Any CPU.Build.0 = Release|Any CPU
		{4D20C6B8-20AB-4931-87FC-AC698649AF1B}.Debug|Any CPU.ActiveCfg = Debug|Any CPU
		{4D20C6B8-20AB-4931-87FC-AC698649AF1B}.Debug|Any CPU.Build.0 = Debug|Any CPU
		{4D20C6B8-20AB-4931-87FC-AC698649AF1B}.Release|Any CPU.ActiveCfg = Release|Any CPU
		{4D20C6B8-20AB-4931-87FC-AC698649AF1B}.Release|Any CPU.Build.0 = Release|Any CPU
		{32E528F7-040C-41CB-A47D-20A19B4356D7}.Debug|Any CPU.ActiveCfg = Debug|Any CPU
		{32E528F7-040C-41CB-A47D-20A19B4356D7}.Debug|Any CPU.Build.0 = Debug|Any CPU
		{32E528F7-040C-41CB-A47D-20A19B4356D7}.Release|Any CPU.ActiveCfg = Release|Any CPU
		{32E528F7-040C-41CB-A47D-20A19B4356D7}.Release|Any CPU.Build.0 = Release|Any CPU
	EndGlobalSection
	GlobalSection(SolutionProperties) = preSolution
		HideSolutionNode = FALSE
	EndGlobalSection
	GlobalSection(ExtensibilityGlobals) = postSolution
		SolutionGuid = {DA893678-DB13-46EB-A842-40236B4DC03F}
	EndGlobalSection
EndGlobal
